{
  "version": "3",
  "packages": {
    "specifiers": {
      "jsr:@oak/commons@0.7": "jsr:@oak/commons@0.7.0",
      "jsr:@std/assert@0.218": "jsr:@std/assert@0.218.2",
      "jsr:@std/assert@^0.218.2": "jsr:@std/assert@0.218.2",
      "jsr:@std/bytes@0.218": "jsr:@std/bytes@0.218.2",
      "jsr:@std/bytes@^0.218.2": "jsr:@std/bytes@0.218.2",
      "jsr:@std/crypto@0.218": "jsr:@std/crypto@0.218.2",
      "jsr:@std/encoding@0.218": "jsr:@std/encoding@0.218.2",
      "jsr:@std/encoding@^0.218.2": "jsr:@std/encoding@0.218.2",
      "jsr:@std/http@0.218": "jsr:@std/http@0.218.2",
      "jsr:@std/io@0.218": "jsr:@std/io@0.218.2",
      "jsr:@std/media-types@0.218": "jsr:@std/media-types@0.218.2",
      "jsr:@std/path@0.218": "jsr:@std/path@0.218.2",
      "npm:path-to-regexp@6.2.1": "npm:path-to-regexp@6.2.1"
    },
    "jsr": {
      "@oak/commons@0.7.0": {
        "integrity": "4bd889b3dc9ddac1b602034d88c137f06de7078775961b51081beb5f175c120b"
      },
      "@std/assert@0.218.2": {
        "integrity": "7f0a5a1a8cf86607cd6c2c030584096e1ffad27fc9271429a8cb48cfbdee5eaf"
      },
      "@std/bytes@0.218.2": {
        "integrity": "91fe54b232dcca73856b79a817247f4a651dbb60d51baafafb6408c137241670"
      },
      "@std/crypto@0.218.2": {
        "integrity": "8c5031a3a1c3ac3bed3c0d4bed2fe7e7faedcb673bbfa0edd10570c8452f5cd2",
        "dependencies": [
          "jsr:@std/assert@^0.218.2",
          "jsr:@std/encoding@^0.218.2"
        ]
      },
      "@std/encoding@0.218.2": {
        "integrity": "da55a763c29bf0dbf06fd286430b358266eb99c28789d89fe9a3e28edecb8d8e"
      },
      "@std/http@0.218.2": {
        "integrity": "54223b62702e665b9dab6373ea2e51235e093ef47228d21cfa0469ee5ac75c9b",
        "dependencies": [
          "jsr:@std/assert@^0.218.2",
          "jsr:@std/encoding@^0.218.2"
        ]
      },
      "@std/io@0.218.2": {
        "integrity": "c64fbfa087b7c9d4d386c5672f291f607d88cb7d44fc299c20c713e345f2785f",
        "dependencies": [
          "jsr:@std/bytes@^0.218.2"
        ]
      },
      "@std/media-types@0.218.2": {
        "integrity": "1ed3bd2a05e44bad3fc2bab1767d0ce7f2fd68baee62a980751ce51633acb788"
      },
      "@std/path@0.218.2": {
        "integrity": "b568fd923d9e53ad76d17c513e7310bda8e755a3e825e6289a0ce536404e2662",
        "dependencies": [
          "jsr:@std/assert@^0.218.2"
        ]
      }
    },
    "npm": {
      "path-to-regexp@6.2.1": {
        "integrity": "sha512-JLyh7xT1kizaEvcaXOQwOc2/Yhw6KZOvPf1S8401UyLk86CU79LN3vl7ztXGm/pZ+YjoyAJ4rxmHwbkBXJX+yw==",
        "dependencies": {}
      }
    }
  },
  "redirects": {
    "https://deno.land/std/version.ts": "https://deno.land/std@0.220.1/version.ts",
    "https://deno.land/x/makedata/main.ts": "https://deno.land/x/makedata@release/main.ts",
    "https://deno.land/x/oak/mod.ts": "https://deno.land/x/oak@14.2.0/mod.ts"
  },
  "remote": {
    "https://cdn.skypack.dev/-/property-expr@v2.0.5-AJ8WbwUcBLQRoFkTccRK/dist=es2019,mode=imports/optimized/property-expr.js": "dc392699583132e16f801ebd4b057bf258fc521664e47e36acbd05552820634e",
    "https://cdn.skypack.dev/-/property-expr@v2.0.6-CxDUXbFL36WWwOedBv47/dist=es2019,mode=imports/optimized/property-expr.js": "dc392699583132e16f801ebd4b057bf258fc521664e47e36acbd05552820634e",
    "https://cdn.skypack.dev/-/tiny-case@v1.0.3-obYjZMneRhPTYf3RjV8g/dist=es2019,mode=imports/optimized/tiny-case.js": "32bd747aa9676093f53aaf6de544501d7c0772d061838fbb1593bb7471c8d47b",
    "https://cdn.skypack.dev/-/toposort@v2.0.2-Uux3gYGPtoF0E7ZSTTEg/dist=es2019,mode=imports/optimized/toposort.js": "329da627fa8f7b47dbd1905d9ddc7f94390608d160e3bf1d575f76b9dc3ada5f",
    "https://cdn.skypack.dev/-/yup@v1.2.0-PxGO19zrdkG8PF9vxUeD/dist=es2019,mode=imports/optimized/yup.js": "39078ac89977b69e51e23d3729aff4a27e820f9d6d4d9e64a836ce7d77e66c9a",
    "https://cdn.skypack.dev/-/yup@v1.4.0-Rc1wLTWCp0VeWmWRcksI/dist=es2019,mode=imports/optimized/yup.js": "d7265885a31102c1ad19929d903a7e15dbbda8220a9464161e35fb47730ec449",
    "https://cdn.skypack.dev/yup": "fd0477d506a847d98b0bd7637b751ab15725a45ea887722bc791895722b1dc96",
    "https://cdn.skypack.dev/yup?dts": "a0713aa44760fddb234d268d5e071c35edd3381940c0063870922dde93adf4e7",
    "https://deno.land/std@0.207.0/assert/assert.ts": "9a97dad6d98c238938e7540736b826440ad8c1c1e54430ca4c4e623e585607ee",
    "https://deno.land/std@0.207.0/assert/assertion_error.ts": "4d0bde9b374dfbcbe8ac23f54f567b77024fb67dbb1906a852d67fe050d42f56",
    "https://deno.land/std@0.207.0/async/delay.ts": "a6142eb44cdd856b645086af2b811b1fcce08ec06bb7d50969e6a872ee9b8659",
    "https://deno.land/std@0.207.0/encoding/_util.ts": "f368920189c4fe6592ab2e93bd7ded8f3065b84f95cd3e036a4a10a75649dcba",
    "https://deno.land/std@0.207.0/encoding/base64.ts": "81c0ecff5ccb402def58ca03d8bd245bd01da15a077d3362b568e991aa10f4d9",
    "https://deno.land/std@0.207.0/http/_negotiation/common.ts": "14d1a52427ab258a4b7161cd80e1d8a207b7cc64b46e911780f57ead5f4323c6",
    "https://deno.land/std@0.207.0/http/_negotiation/encoding.ts": "ff747d107277c88cb7a6a62a08eeb8d56dad91564cbcccb30694d5dc126dcc53",
    "https://deno.land/std@0.207.0/http/_negotiation/language.ts": "7bcddd8db3330bdb7ce4fc00a213c5547c1968139864201efd67ef2d0d51887d",
    "https://deno.land/std@0.207.0/http/_negotiation/media_type.ts": "58847517cd549384ad677c0fe89e0a4815be36fe7a303ea63cee5f6a1d7e1692",
    "https://deno.land/std@0.207.0/http/cookie.ts": "c6079019fc15c781c302574f40fa2ac71c26b251e8f74eb236ea43e0424edcd7",
    "https://deno.land/std@0.207.0/http/cookie_map.ts": "2baa49da8b16496018af4818324dd921ad7985a77f8e844345ff145b04098224",
    "https://deno.land/std@0.207.0/http/etag.ts": "259abf65316c728660e34a100dcb07a1303c37ab6ca3d4ee068503c18b4358b0",
    "https://deno.land/std@0.207.0/http/http_status.ts": "1bd167fbc45191db718ebfcf541b5ccbe6fbe59af20297642fd82659956161c5",
    "https://deno.land/std@0.207.0/http/method.ts": "03bbc803c9e236dc64e012d45fa5027da8507266836ba53c3f82a74bda1c73ce",
    "https://deno.land/std@0.207.0/http/mod.ts": "0a2f10d24f22f9145bae28694ac6c7ec8b5becfa266bf50c3b1122f93225b282",
    "https://deno.land/std@0.207.0/http/negotiation.ts": "46e74a6bad4b857333a58dc5b50fe8e5a4d5267e97292293ea65f980bd918086",
    "https://deno.land/std@0.207.0/http/server.ts": "f3cde6672e631d3e00785743cfa96bfed275618c0352c5ae84abbe5a2e0e4afc",
    "https://deno.land/std@0.207.0/http/server_sent_event.ts": "a5ecf38c88925a897bcaea3c9e082ec36a827c9bb5343648ecfdc0abb565082d",
    "https://deno.land/std@0.207.0/http/server_sent_event_stream.ts": "91a62d6c8fde557217f21e9cd759e2d439be8c20c9b699cf73feb5a0e76df338",
    "https://deno.land/std@0.207.0/http/status.ts": "dcbcc0f048ba8fad81228ac66e4a984c924a28c05701dddd20e0f005681d932f",
    "https://deno.land/std@0.207.0/http/unstable_cookie_map.ts": "b635eb7b87de20ba924ae77aef083d1ee6bca531b85ed518339bf05fb9defc4f",
    "https://deno.land/std@0.207.0/http/unstable_method.ts": "e66c2a015cb46c21ab0bb3589aa4fca43143a506cb324ffdfd42d2edef7bc0c4",
    "https://deno.land/std@0.207.0/http/unstable_server_sent_event.ts": "6410770e067fc7a67e1acec7592e54b9ff1c95706c9a9457e8d396f23c3eb390",
    "https://deno.land/std@0.207.0/http/user_agent.ts": "35d3c70d0926b0e121b8c1bbc324b3522479158acaa4f0c43928362b7bf4e6f4",
    "https://deno.land/std@0.207.0/path/_common/assert_path.ts": "061e4d093d4ba5aebceb2c4da3318bfe3289e868570e9d3a8e327d91c2958946",
    "https://deno.land/std@0.207.0/path/_common/basename.ts": "0d978ff818f339cd3b1d09dc914881f4d15617432ae519c1b8fdc09ff8d3789a",
    "https://deno.land/std@0.207.0/path/_common/common.ts": "9e4233b2eeb50f8b2ae10ecc2108f58583aea6fd3e8907827020282dc2b76143",
    "https://deno.land/std@0.207.0/path/_common/constants.ts": "e49961f6f4f48039c0dfed3c3f93e963ca3d92791c9d478ac5b43183413136e0",
    "https://deno.land/std@0.207.0/path/_common/dirname.ts": "2ba7fb4cc9fafb0f38028f434179579ce61d4d9e51296fad22b701c3d3cd7397",
    "https://deno.land/std@0.207.0/path/_common/format.ts": "11aa62e316dfbf22c126917f5e03ea5fe2ee707386555a8f513d27ad5756cf96",
    "https://deno.land/std@0.207.0/path/_common/from_file_url.ts": "ef1bf3197d2efbf0297a2bdbf3a61d804b18f2bcce45548ae112313ec5be3c22",
    "https://deno.land/std@0.207.0/path/_common/glob_to_reg_exp.ts": "5c3c2b79fc2294ec803d102bd9855c451c150021f452046312819fbb6d4dc156",
    "https://deno.land/std@0.207.0/path/_common/normalize.ts": "2ba7fb4cc9fafb0f38028f434179579ce61d4d9e51296fad22b701c3d3cd7397",
    "https://deno.land/std@0.207.0/path/_common/normalize_string.ts": "88c472f28ae49525f9fe82de8c8816d93442d46a30d6bb5063b07ff8a89ff589",
    "https://deno.land/std@0.207.0/path/_common/relative.ts": "1af19d787a2a84b8c534cc487424fe101f614982ae4851382c978ab2216186b4",
    "https://deno.land/std@0.207.0/path/_common/strip_trailing_separators.ts": "7ffc7c287e97bdeeee31b155828686967f222cd73f9e5780bfe7dfb1b58c6c65",
    "https://deno.land/std@0.207.0/path/_common/to_file_url.ts": "a8cdd1633bc9175b7eebd3613266d7c0b6ae0fb0cff24120b6092ac31662f9ae",
    "https://deno.land/std@0.207.0/path/_interface.ts": "6471159dfbbc357e03882c2266d21ef9afdb1e4aa771b0545e90db58a0ba314b",
    "https://deno.land/std@0.207.0/path/_os.ts": "30b0c2875f360c9296dbe6b7f2d528f0f9c741cecad2e97f803f5219e91b40a2",
    "https://deno.land/std@0.207.0/path/basename.ts": "04bb5ef3e86bba8a35603b8f3b69537112cdd19ce64b77f2522006da2977a5f3",
    "https://deno.land/std@0.207.0/path/common.ts": "f4d061c7d0b95a65c2a1a52439edec393e906b40f1caf4604c389fae7caa80f5",
    "https://deno.land/std@0.207.0/path/dirname.ts": "88a0a71c21debafc4da7a4cd44fd32e899462df458fbca152390887d41c40361",
    "https://deno.land/std@0.207.0/path/extname.ts": "2da4e2490f3b48b7121d19fb4c91681a5e11bd6bd99df4f6f47d7a71bb6ecdf2",
    "https://deno.land/std@0.207.0/path/format.ts": "3457530cc85d1b4bab175f9ae73998b34fd456c830d01883169af0681b8894fb",
    "https://deno.land/std@0.207.0/path/from_file_url.ts": "e7fa233ea1dff9641e8d566153a24d95010110185a6f418dd2e32320926043f8",
    "https://deno.land/std@0.207.0/path/glob_to_regexp.ts": "74d7448c471e293d03f05ccb968df4365fed6aaa508506b6325a8efdc01d8271",
    "https://deno.land/std@0.207.0/path/is_absolute.ts": "67232b41b860571c5b7537f4954c88d86ae2ba45e883ee37d3dec27b74909d13",
    "https://deno.land/std@0.207.0/path/is_glob.ts": "567dce5c6656bdedfc6b3ee6c0833e1e4db2b8dff6e62148e94a917f289c06ad",
    "https://deno.land/std@0.207.0/path/join.ts": "98d3d76c819af4a11a81d5ba2dbb319f1ce9d63fc2b615597d4bcfddd4a89a09",
    "https://deno.land/std@0.207.0/path/join_globs.ts": "9b84d5103b63d3dbed4b2cf8b12477b2ad415c7d343f1488505162dc0e5f4db8",
    "https://deno.land/std@0.207.0/path/mod.ts": "3defabebc98279e62b392fee7a6937adc932a8f4dcd2471441e36c15b97b00e0",
    "https://deno.land/std@0.207.0/path/normalize.ts": "aa95be9a92c7bd4f9dc0ba51e942a1973e2b93d266cd74f5ca751c136d520b66",
    "https://deno.land/std@0.207.0/path/normalize_glob.ts": "674baa82e1c00b6cb153bbca36e06f8e0337cb8062db6d905ab5de16076ca46b",
    "https://deno.land/std@0.207.0/path/parse.ts": "d87ff0deef3fb495bc0d862278ff96da5a06acf0625ca27769fc52ac0d3d6ece",
    "https://deno.land/std@0.207.0/path/posix/_util.ts": "ecf49560fedd7dd376c6156cc5565cad97c1abe9824f4417adebc7acc36c93e5",
    "https://deno.land/std@0.207.0/path/posix/basename.ts": "a630aeb8fd8e27356b1823b9dedd505e30085015407caa3396332752f6b8406a",
    "https://deno.land/std@0.207.0/path/posix/common.ts": "e781d395dc76f6282e3f7dd8de13194abb8b04a82d109593141abc6e95755c8b",
    "https://deno.land/std@0.207.0/path/posix/dirname.ts": "f48c9c42cc670803b505478b7ef162c7cfa9d8e751b59d278b2ec59470531472",
    "https://deno.land/std@0.207.0/path/posix/extname.ts": "ee7f6571a9c0a37f9218fbf510c440d1685a7c13082c348d701396cc795e0be0",
    "https://deno.land/std@0.207.0/path/posix/format.ts": "b94876f77e61bfe1f147d5ccb46a920636cd3cef8be43df330f0052b03875968",
    "https://deno.land/std@0.207.0/path/posix/from_file_url.ts": "b97287a83e6407ac27bdf3ab621db3fccbf1c27df0a1b1f20e1e1b5acf38a379",
    "https://deno.land/std@0.207.0/path/posix/glob_to_regexp.ts": "6ed00c71fbfe0ccc35977c35444f94e82200b721905a60bd1278b1b768d68b1a",
    "https://deno.land/std@0.207.0/path/posix/is_absolute.ts": "159900a3422d11069d48395568217eb7fc105ceda2683d03d9b7c0f0769e01b8",
    "https://deno.land/std@0.207.0/path/posix/is_glob.ts": "ec4fbc604b9db8487f7b56ab0e759b24a971ab6a45f7b0b698bc39b8b9f9680f",
    "https://deno.land/std@0.207.0/path/posix/join.ts": "0c0d84bdc344876930126640011ec1b888e6facf74153ffad9ef26813aa2a076",
    "https://deno.land/std@0.207.0/path/posix/join_globs.ts": "f4838d54b1f60a34a40625a3293f6e583135348be1b2974341ac04743cb26121",
    "https://deno.land/std@0.207.0/path/posix/mod.ts": "f1b08a7f64294b7de87fc37190d63b6ce5b02889af9290c9703afe01951360ae",
    "https://deno.land/std@0.207.0/path/posix/normalize.ts": "11de90a94ab7148cc46e5a288f7d732aade1d616bc8c862f5560fa18ff987b4b",
    "https://deno.land/std@0.207.0/path/posix/normalize_glob.ts": "10a1840c628ebbab679254d5fa1c20e59106102354fb648a1765aed72eb9f3f9",
    "https://deno.land/std@0.207.0/path/posix/parse.ts": "199208f373dd93a792e9c585352bfc73a6293411bed6da6d3bc4f4ef90b04c8e",
    "https://deno.land/std@0.207.0/path/posix/relative.ts": "e2f230608b0f083e6deaa06e063943e5accb3320c28aef8d87528fbb7fe6504c",
    "https://deno.land/std@0.207.0/path/posix/resolve.ts": "51579d83159d5c719518c9ae50812a63959bbcb7561d79acbdb2c3682236e285",
    "https://deno.land/std@0.207.0/path/posix/separator.ts": "0b6573b5f3269a3164d8edc9cefc33a02dd51003731c561008c8bb60220ebac1",
    "https://deno.land/std@0.207.0/path/posix/to_file_url.ts": "08d43ea839ee75e9b8b1538376cfe95911070a655cd312bc9a00f88ef14967b6",
    "https://deno.land/std@0.207.0/path/posix/to_namespaced_path.ts": "c9228a0e74fd37e76622cd7b142b8416663a9b87db643302fa0926b5a5c83bdc",
    "https://deno.land/std@0.207.0/path/relative.ts": "23d45ede8b7ac464a8299663a43488aad6b561414e7cbbe4790775590db6349c",
    "https://deno.land/std@0.207.0/path/resolve.ts": "5b184efc87155a0af9fa305ff68a109e28de9aee81fc3e77cd01380f19daf867",
    "https://deno.land/std@0.207.0/path/separator.ts": "40a3e9a4ad10bef23bc2cd6c610291b6c502a06237c2c4cd034a15ca78dedc1f",
    "https://deno.land/std@0.207.0/path/to_file_url.ts": "edaafa089e0bce386e1b2d47afe7c72e379ff93b28a5829a5885e4b6c626d864",
    "https://deno.land/std@0.207.0/path/to_namespaced_path.ts": "cf8734848aac3c7527d1689d2adf82132b1618eff3cc523a775068847416b22a",
    "https://deno.land/std@0.207.0/path/windows/_util.ts": "f32b9444554c8863b9b4814025c700492a2b57ff2369d015360970a1b1099d54",
    "https://deno.land/std@0.207.0/path/windows/basename.ts": "8a9dbf7353d50afbc5b221af36c02a72c2d1b2b5b9f7c65bf6a5a2a0baf88ad3",
    "https://deno.land/std@0.207.0/path/windows/common.ts": "e781d395dc76f6282e3f7dd8de13194abb8b04a82d109593141abc6e95755c8b",
    "https://deno.land/std@0.207.0/path/windows/dirname.ts": "5c2aa541384bf0bd9aca821275d2a8690e8238fa846198ef5c7515ce31a01a94",
    "https://deno.land/std@0.207.0/path/windows/extname.ts": "07f4fa1b40d06a827446b3e3bcc8d619c5546b079b8ed0c77040bbef716c7614",
    "https://deno.land/std@0.207.0/path/windows/format.ts": "343019130d78f172a5c49fdc7e64686a7faf41553268961e7b6c92a6d6548edf",
    "https://deno.land/std@0.207.0/path/windows/from_file_url.ts": "d53335c12b0725893d768be3ac6bf0112cc5b639d2deb0171b35988493b46199",
    "https://deno.land/std@0.207.0/path/windows/glob_to_regexp.ts": "290755e18ec6c1a4f4d711c3390537358e8e3179581e66261a0cf348b1a13395",
    "https://deno.land/std@0.207.0/path/windows/is_absolute.ts": "245b56b5f355ede8664bd7f080c910a97e2169972d23075554ae14d73722c53c",
    "https://deno.land/std@0.207.0/path/windows/is_glob.ts": "ec4fbc604b9db8487f7b56ab0e759b24a971ab6a45f7b0b698bc39b8b9f9680f",
    "https://deno.land/std@0.207.0/path/windows/join.ts": "e6600bf88edeeef4e2276e155b8de1d5dec0435fd526ba2dc4d37986b2882f16",
    "https://deno.land/std@0.207.0/path/windows/join_globs.ts": "f4838d54b1f60a34a40625a3293f6e583135348be1b2974341ac04743cb26121",
    "https://deno.land/std@0.207.0/path/windows/mod.ts": "d7040f461465c2c21c1c68fc988ef0bdddd499912138cde3abf6ad60c7fb3814",
    "https://deno.land/std@0.207.0/path/windows/normalize.ts": "9deebbf40c81ef540b7b945d4ccd7a6a2c5a5992f791e6d3377043031e164e69",
    "https://deno.land/std@0.207.0/path/windows/normalize_glob.ts": "344ff5ed45430495b9a3d695567291e50e00b1b3b04ea56712a2acf07ab5c128",
    "https://deno.land/std@0.207.0/path/windows/parse.ts": "120faf778fe1f22056f33ded069b68e12447668fcfa19540c0129561428d3ae5",
    "https://deno.land/std@0.207.0/path/windows/relative.ts": "026855cd2c36c8f28f1df3c6fbd8f2449a2aa21f48797a74700c5d872b86d649",
    "https://deno.land/std@0.207.0/path/windows/resolve.ts": "5ff441ab18a2346abadf778121128ee71bda4d0898513d4639a6ca04edca366b",
    "https://deno.land/std@0.207.0/path/windows/separator.ts": "ae21f27015f10510ed1ac4a0ba9c4c9c967cbdd9d9e776a3e4967553c397bd5d",
    "https://deno.land/std@0.207.0/path/windows/to_file_url.ts": "8e9ea9e1ff364aa06fa72999204229952d0a279dbb876b7b838b2b2fea55cce3",
    "https://deno.land/std@0.207.0/path/windows/to_namespaced_path.ts": "e0f4d4a5e77f28a5708c1a33ff24360f35637ba6d8f103d19661255ef7bfd50d",
    "https://deno.land/std@0.218.0/assert/_constants.ts": "a271e8ef5a573f1df8e822a6eb9d09df064ad66a4390f21b3e31f820a38e0975",
    "https://deno.land/std@0.218.0/assert/_diff.ts": "dcc63d94ca289aec80644030cf88ccbf7acaa6fbd7b0f22add93616b36593840",
    "https://deno.land/std@0.218.0/assert/_format.ts": "0ba808961bf678437fb486b56405b6fefad2cf87b5809667c781ddee8c32aff4",
    "https://deno.land/std@0.218.0/assert/assert.ts": "bec068b2fccdd434c138a555b19a2c2393b71dfaada02b7d568a01541e67cdc5",
    "https://deno.land/std@0.218.0/assert/assert_almost_equals.ts": "8b96b7385cc117668b0720115eb6ee73d04c9bcb2f5d2344d674918c9113688f",
    "https://deno.land/std@0.218.0/assert/assert_array_includes.ts": "1688d76317fd45b7e93ef9e2765f112fdf2b7c9821016cdfb380b9445374aed1",
    "https://deno.land/std@0.218.0/assert/assert_equals.ts": "4497c56fe7d2993b0d447926702802fc0becb44e319079e8eca39b482ee01b4e",
    "https://deno.land/std@0.218.0/assert/assert_exists.ts": "24a7bf965e634f909242cd09fbaf38bde6b791128ece08e33ab08586a7cc55c9",
    "https://deno.land/std@0.218.0/assert/assert_false.ts": "6f382568e5128c0f855e5f7dbda8624c1ed9af4fcc33ef4a9afeeedcdce99769",
    "https://deno.land/std@0.218.0/assert/assert_greater.ts": "4945cf5729f1a38874d7e589e0fe5cc5cd5abe5573ca2ddca9d3791aa891856c",
    "https://deno.land/std@0.218.0/assert/assert_greater_or_equal.ts": "573ed8823283b8d94b7443eb69a849a3c369a8eb9666b2d1db50c33763a5d219",
    "https://deno.land/std@0.218.0/assert/assert_instance_of.ts": "72dc1faff1e248692d873c89382fa1579dd7b53b56d52f37f9874a75b11ba444",
    "https://deno.land/std@0.218.0/assert/assert_is_error.ts": "6596f2b5ba89ba2fe9b074f75e9318cda97a2381e59d476812e30077fbdb6ed2",
    "https://deno.land/std@0.218.0/assert/assert_less.ts": "2b4b3fe7910f65f7be52212f19c3977ecb8ba5b2d6d0a296c83cde42920bb005",
    "https://deno.land/std@0.218.0/assert/assert_less_or_equal.ts": "b93d212fe669fbde959e35b3437ac9a4468f2e6b77377e7b6ea2cfdd825d38a0",
    "https://deno.land/std@0.218.0/assert/assert_match.ts": "ec2d9680ed3e7b9746ec57ec923a17eef6d476202f339ad91d22277d7f1d16e1",
    "https://deno.land/std@0.218.0/assert/assert_not_equals.ts": "ac86413ab70ffb14fdfc41740ba579a983fe355ba0ce4a9ab685e6b8e7f6a250",
    "https://deno.land/std@0.218.0/assert/assert_not_instance_of.ts": "8f720d92d83775c40b2542a8d76c60c2d4aeddaf8713c8d11df8984af2604931",
    "https://deno.land/std@0.218.0/assert/assert_not_match.ts": "b4b7c77f146963e2b673c1ce4846473703409eb93f5ab0eb60f6e6f8aeffe39f",
    "https://deno.land/std@0.218.0/assert/assert_not_strict_equals.ts": "da0b8ab60a45d5a9371088378e5313f624799470c3b54c76e8b8abeec40a77be",
    "https://deno.land/std@0.218.0/assert/assert_object_match.ts": "e85e5eef62a56ce364c3afdd27978ccab979288a3e772e6855c270a7b118fa49",
    "https://deno.land/std@0.218.0/assert/assert_rejects.ts": "5206ac37d883797d9504e3915a0c7b692df6efcdefff3889cc14bb5a325641dd",
    "https://deno.land/std@0.218.0/assert/assert_strict_equals.ts": "0425a98f70badccb151644c902384c12771a93e65f8ff610244b8147b03a2366",
    "https://deno.land/std@0.218.0/assert/assert_string_includes.ts": "dfb072a890167146f8e5bdd6fde887ce4657098e9f71f12716ef37f35fb6f4a7",
    "https://deno.land/std@0.218.0/assert/assert_throws.ts": "31f3c061338aec2c2c33731973d58ccd4f14e42f355501541409ee958d2eb8e5",
    "https://deno.land/std@0.218.0/assert/assertion_error.ts": "9f689a101ee586c4ce92f52fa7ddd362e86434ffdf1f848e45987dc7689976b8",
    "https://deno.land/std@0.218.0/assert/equal.ts": "fae5e8a52a11d3ac694bbe1a53e13a7969e3f60791262312e91a3e741ae519e2",
    "https://deno.land/std@0.218.0/assert/fail.ts": "f310e51992bac8e54f5fd8e44d098638434b2edb802383690e0d7a9be1979f1c",
    "https://deno.land/std@0.218.0/assert/mod.ts": "325df8c0683ad83a873b9691aa66b812d6275fc9fec0b2d180ac68a2c5efed3b",
    "https://deno.land/std@0.218.0/assert/unimplemented.ts": "47ca67d1c6dc53abd0bd729b71a31e0825fc452dbcd4fde4ca06789d5644e7fd",
    "https://deno.land/std@0.218.0/assert/unreachable.ts": "3670816a4ab3214349acb6730e3e6f5299021234657eefe05b48092f3848c270",
    "https://deno.land/std@0.218.0/fmt/colors.ts": "d239d84620b921ea520125d778947881f62c50e78deef2657073840b8af9559a",
    "https://deno.land/std@0.220.1/version.ts": "9fed16364d7058c5c0dfa8f570175e6433a56b62d1b4931cf7aec08fc8a9b666",
    "https://deno.land/std@0.221.0/dotenv/mod.ts": "0180eaeedaaf88647318811cdaa418cc64dc51fb08354f91f5f480d0a1309f7d",
    "https://deno.land/std@0.221.0/dotenv/parse.ts": "09977ff88dfd1f24f9973a338f0f91bbdb9307eb5ff6085446e7c423e4c7ba0c",
    "https://deno.land/std@0.221.0/dotenv/stringify.ts": "0047ad7068289735d08964046aea267a750c141b494ca0e38831b89be6c020c2",
    "https://deno.land/x/makedata@0.0.1/deps.ts": "59d18fdb8ed12b3413d845c190e721b7e695017a23f5de2187fbbac203af8329",
    "https://deno.land/x/makedata@0.0.1/main.ts": "6bab6f767d844c1426413810d1eee633f81d79f9bf7f850a2507d94558cdacb2",
    "https://deno.land/x/makedata@0.0.1/util.ts": "596c1ac0fdc7856ef5f4860429f12596082961b46b048d34e2cf89df10d63108",
    "https://deno.land/x/makedata@release/deps.ts": "2a0dc3d0f3dd7cf111914b4bcf97fff1774f3cacd9278732993430d0f2c78de5",
    "https://deno.land/x/makedata@release/main.ts": "458f4b08e836e7d88958fc046f4e367835bbbf9487a6441f5ad835bf651e8dc2",
    "https://deno.land/x/makedata@release/util.ts": "596c1ac0fdc7856ef5f4860429f12596082961b46b048d34e2cf89df10d63108",
    "https://deno.land/x/oak@14.2.0/application.ts": "27242ca872580c44321b71e2581bcb7a81004b326b06bb7e90c2625278e405c2",
    "https://deno.land/x/oak@14.2.0/body.ts": "da0ad584c6fb8acbe3ccad288ebb5e5cfd5e65e8186c0f6d43516bb6c11fb968",
    "https://deno.land/x/oak@14.2.0/content_disposition.ts": "8b8c3cb2fba7138cd5b7f82fc3b5ea39b33db924a824b28261659db7e164621e",
    "https://deno.land/x/oak@14.2.0/context.ts": "6a48ba99151478c5f7fd84072f722f9d20dd73816f175f001dbb8716a5225f6f",
    "https://deno.land/x/oak@14.2.0/deps.ts": "9fdb7a99720ad023d609dda13f5d0cb995e8b5cc0e223e08cf2b1fb94c1ddca6",
    "https://deno.land/x/oak@14.2.0/etag.ts": "68d2b34b6bbf41a5e57181f26a90e22ab2f5230d77bf7679b567444fb1a107de",
    "https://deno.land/x/oak@14.2.0/form_data.ts": "dd3599c3b8e47e154434bf43049898187519117403d3494433a68d708f0d1937",
    "https://deno.land/x/oak@14.2.0/forwarded.ts": "97fa621071e4878ce64196055b49cdf8ee63f1bb39185c9446bfb817c209bcc9",
    "https://deno.land/x/oak@14.2.0/headers.ts": "4d74f92a6eda8746473612c04176823e3d12c52189aa4239e624a8ae61835f14",
    "https://deno.land/x/oak@14.2.0/helpers.ts": "d198b50cb13abb1629406882a483c078015d75b3343991ad8ec69aabff879372",
    "https://deno.land/x/oak@14.2.0/http_server_bun.ts": "7d36a3caab01578545257f8d197abc063d30f2df88529ba2e845006c74223910",
    "https://deno.land/x/oak@14.2.0/http_server_native.ts": "ee1598e4bf798a0f6dfc04cde6639d318f73ae25963b13bacc355466e369758a",
    "https://deno.land/x/oak@14.2.0/http_server_native_request.ts": "e34b9ef0e4a52bd3d5d761fff010256612e538aba1bef643c5ea805931e6a410",
    "https://deno.land/x/oak@14.2.0/http_server_node.ts": "9ab25aae469e52aecd4cca85345a8e8ad9af6112a96728c13900ab6d51558ab9",
    "https://deno.land/x/oak@14.2.0/middleware.ts": "5165e0c18f0a3b92bf01ca9d9f0ae211b30ca9b23a9460f11334459a2ff715aa",
    "https://deno.land/x/oak@14.2.0/middleware/proxy.ts": "c136d22c3e396fdee6a9c2e2ba65388bb895d0f82af412c197bc7cda69e5664e",
    "https://deno.land/x/oak@14.2.0/middleware/serve.ts": "83f6559b4cd5e5d30bcbe6acc8478bb7dbcb98af719952bc2810e2d6ead664ea",
    "https://deno.land/x/oak@14.2.0/mod.ts": "0d29f7941ab1f170436a15c3c1f5de4fa94fbe32f4ec79732ed6e06c6b581ceb",
    "https://deno.land/x/oak@14.2.0/node_shims.ts": "4db1569b2b79b73f37c4d947f4aaa50a93e266d48fe67601c8a31af17a28884d",
    "https://deno.land/x/oak@14.2.0/range.ts": "789cb5bc86987843c4ea47e054cad6ceacfbe853c0a57f37a46596b8215c458e",
    "https://deno.land/x/oak@14.2.0/request.ts": "86ea0498e934257ecc07d15ea83493547d9db49a29ae98b4bc76ab234e7d862b",
    "https://deno.land/x/oak@14.2.0/response.ts": "b1985ece7b727d5ba8830ada09318f98ff967b25f63f3e976fc2ebda03b59750",
    "https://deno.land/x/oak@14.2.0/router.ts": "568e45888c8a2a571e983129f337f8a944f492653ec943328dd58a4eb914c599",
    "https://deno.land/x/oak@14.2.0/send.ts": "2ca6b54b16092ab209e2cbea1803947d101c5381bd59a84df5ce44cb1811999d",
    "https://deno.land/x/oak@14.2.0/structured_clone.ts": "a01fa10ea9aae733264557f962630f155873d3bf45dbb2a8e53be5daa1b8cf5a",
    "https://deno.land/x/oak@14.2.0/testing.ts": "157711ade8634f9377ca87147db4317861d51388c82e0da4ae829c142a123db8",
    "https://deno.land/x/oak@14.2.0/types.ts": "09f0494db5d642e3492d23cd46da665d2df2590ef7e987b0412659260453d1f9",
    "https://deno.land/x/oak@14.2.0/util.ts": "22fb55001472158ed4bdf53ce1a6848e10860507aa9a2e16d0b92d2b420f2a90"
  }
}
